
Microsoft Visual Studio Solution File, Format Version 12.00
# Visual Studio 14
VisualStudioVersion = 14.0.25420.1
MinimumVisualStudioVersion = 10.0.40219.1
Project("{FAE04EC0-301F-11D3-BF4B-00C04F79EFBC}") = "Core", "s\Core\Core.csproj", "{FC4CF6C0-6EF9-4BE3-BB44-D433A302083D}"
EndProject
Project("{FAE04EC0-301F-11D3-BF4B-00C04F79EFBC}") = "Presentation.Web", "s\Presentation.Web\Presentation.Web.csproj", "{99B632F1-3759-4721-A63B-C9DE3E81B038}"
EndProject
Project("{FAE04EC0-301F-11D3-BF4B-00C04F79EFBC}") = "Business", "s\Business\Business.csproj", "{D614A6A3-9F3A-40BC-BFEC-21DFDCADB57E}"
EndProject
Project("{FAE04EC0-301F-11D3-BF4B-00C04F79EFBC}") = "Core.Registration", "s\Core.Registration\Core.Registration.csproj", "{9B50B35C-9753-4109-84EF-33ACCCBBA942}"
EndProject
Project("{FAE04EC0-301F-11D3-BF4B-00C04F79EFBC}") = "Data.ApplicationSettingsContext", "s\Data.ApplicationSettingsContext\Data.ApplicationSettingsContext.csproj", "{9632E287-E9E0-438E-9E26-4A7679DACFDA}"
EndProject
Project("{FAE04EC0-301F-11D3-BF4B-00C04F79EFBC}") = "Data.Repository", "s\Data.Repository\Data.Repository.csproj", "{AD47AA31-004C-4D52-A1CE-E1E55A3024AD}"
EndProject
Project("{FAE04EC0-301F-11D3-BF4B-00C04F79EFBC}") = "Presentation.Web.ViewModels", "s\Presentation.Web.ViewModels\Presentation.Web.ViewModels.csproj", "{BD660BFF-087A-4177-9B12-F7F387A965CE}"
EndProject
Project("{FAE04EC0-301F-11D3-BF4B-00C04F79EFBC}") = "Presentation.Web.MappingServices", "s\Presentation.Web.MappingServices\Presentation.Web.MappingServices.csproj", "{AECBA233-97C7-44D1-B2B8-8DF2EAA67275}"
EndProject
Global
	GlobalSection(SolutionConfigurationPlatforms) = preSolution
		Debug|Any CPU = Debug|Any CPU
		Release|Any CPU = Release|Any CPU
	EndGlobalSection
	GlobalSection(ProjectConfigurationPlatforms) = postSolution
		{FC4CF6C0-6EF9-4BE3-BB44-D433A302083D}.Debug|Any CPU.ActiveCfg = Debug|Any CPU
		{FC4CF6C0-6EF9-4BE3-BB44-D433A302083D}.Debug|Any CPU.Build.0 = Debug|Any CPU
		{FC4CF6C0-6EF9-4BE3-BB44-D433A302083D}.Release|Any CPU.ActiveCfg = Release|Any CPU
		{FC4CF6C0-6EF9-4BE3-BB44-D433A302083D}.Release|Any CPU.Build.0 = Release|Any CPU
		{99B632F1-3759-4721-A63B-C9DE3E81B038}.Debug|Any CPU.ActiveCfg = Debug|Any CPU
		{99B632F1-3759-4721-A63B-C9DE3E81B038}.Debug|Any CPU.Build.0 = Debug|Any CPU
		{99B632F1-3759-4721-A63B-C9DE3E81B038}.Release|Any CPU.ActiveCfg = Release|Any CPU
		{99B632F1-3759-4721-A63B-C9DE3E81B038}.Release|Any CPU.Build.0 = Release|Any CPU
		{D614A6A3-9F3A-40BC-BFEC-21DFDCADB57E}.Debug|Any CPU.ActiveCfg = Debug|Any CPU
		{D614A6A3-9F3A-40BC-BFEC-21DFDCADB57E}.Debug|Any CPU.Build.0 = Debug|Any CPU
		{D614A6A3-9F3A-40BC-BFEC-21DFDCADB57E}.Release|Any CPU.ActiveCfg = Release|Any CPU
		{D614A6A3-9F3A-40BC-BFEC-21DFDCADB57E}.Release|Any CPU.Build.0 = Release|Any CPU
		{9B50B35C-9753-4109-84EF-33ACCCBBA942}.Debug|Any CPU.ActiveCfg = Debug|Any CPU
		{9B50B35C-9753-4109-84EF-33ACCCBBA942}.Debug|Any CPU.Build.0 = Debug|Any CPU
		{9B50B35C-9753-4109-84EF-33ACCCBBA942}.Release|Any CPU.ActiveCfg = Release|Any CPU
		{9B50B35C-9753-4109-84EF-33ACCCBBA942}.Release|Any CPU.Build.0 = Release|Any CPU
		{9632E287-E9E0-438E-9E26-4A7679DACFDA}.Debug|Any CPU.ActiveCfg = Debug|Any CPU
		{9632E287-E9E0-438E-9E26-4A7679DACFDA}.Debug|Any CPU.Build.0 = Debug|Any CPU
		{9632E287-E9E0-438E-9E26-4A7679DACFDA}.Release|Any CPU.ActiveCfg = Release|Any CPU
		{9632E287-E9E0-438E-9E26-4A7679DACFDA}.Release|Any CPU.Build.0 = Release|Any CPU
		{AD47AA31-004C-4D52-A1CE-E1E55A3024AD}.Debug|Any CPU.ActiveCfg = Debug|Any CPU
		{AD47AA31-004C-4D52-A1CE-E1E55A3024AD}.Debug|Any CPU.Build.0 = Debug|Any CPU
		{AD47AA31-004C-4D52-A1CE-E1E55A3024AD}.Release|Any CPU.ActiveCfg = Release|Any CPU
		{AD47AA31-004C-4D52-A1CE-E1E55A3024AD}.Release|Any CPU.Build.0 = Release|Any CPU
		{BD660BFF-087A-4177-9B12-F7F387A965CE}.Debug|Any CPU.ActiveCfg = Debug|Any CPU
		{BD660BFF-087A-4177-9B12-F7F387A965CE}.Debug|Any CPU.Build.0 = Debug|Any CPU
		{BD660BFF-087A-4177-9B12-F7F387A965CE}.Release|Any CPU.ActiveCfg = Release|Any CPU
		{BD660BFF-087A-4177-9B12-F7F387A965CE}.Release|Any CPU.Build.0 = Release|Any CPU
		{AECBA233-97C7-44D1-B2B8-8DF2EAA67275}.Debug|Any CPU.ActiveCfg = Debug|Any CPU
		{AECBA233-97C7-44D1-B2B8-8DF2EAA67275}.Debug|Any CPU.Build.0 = Debug|Any CPU
		{AECBA233-97C7-44D1-B2B8-8DF2EAA67275}.Release|Any CPU.ActiveCfg = Release|Any CPU
		{AECBA233-97C7-44D1-B2B8-8DF2EAA67275}.Release|Any CPU.Build.0 = Release|Any CPU
	EndGlobalSection
	GlobalSection(SolutionProperties) = preSolution
		HideSolutionNode = FALSE
	EndGlobalSection
EndGlobal
